
Microsoft Visual Studio Solution File, Format Version 12.00
# Visual Studio Version 16
VisualStudioVersion = 16.0.31911.196
MinimumVisualStudioVersion = 10.0.40219.1
Project("{FAE04EC0-301F-11D3-BF4B-00C04F79EFBC}") = "GameBaseSite", "GameBaseSite.csproj", "{0BE6E1D5-D6CD-4D96-9522-3AF533C6B518}"
EndProject
Global
	GlobalSection(SolutionConfigurationPlatforms) = preSolution
		Debug|Any CPU = Debug|Any CPU
		Release|Any CPU = Release|Any CPU
	EndGlobalSection
	GlobalSection(ProjectConfigurationPlatforms) = postSolution
		{0BE6E1D5-D6CD-4D96-9522-3AF533C6B518}.Debug|Any CPU.ActiveCfg = Debug|Any CPU
		{0BE6E1D5-D6CD-4D96-9522-3AF533C6B518}.Debug|Any CPU.Build.0 = Debug|Any CPU
		{0BE6E1D5-D6CD-4D96-9522-3AF533C6B518}.Release|Any CPU.ActiveCfg = Release|Any CPU
		{0BE6E1D5-D6CD-4D96-9522-3AF533C6B518}.Release|Any CPU.Build.0 = Release|Any CPU
	EndGlobalSection
	GlobalSection(SolutionProperties) = preSolution
		HideSolutionNode = FALSE
	EndGlobalSection
	GlobalSection(ExtensibilityGlobals) = postSolution
		SolutionGuid = {18FC8ABF-450C-46C7-B31F-116D56F0D4C3}
	EndGlobalSection
EndGlobal
